
Microsoft Visual Studio Solution File, Format Version 12.00
# Visual Studio 15
VisualStudioVersion = 15.0.27130.2027
MinimumVisualStudioVersion = 10.0.40219.1
Project("{FAE04EC0-301F-11D3-BF4B-00C04F79EFBC}") = "HeadStartDevelopment.Android", "HeadStartDevelopment\HeadStartDevelopment.Android\HeadStartDevelopment.Android.csproj", "{43E73F02-D624-477B-A99D-65B39EB0E775}"
EndProject
Project("{FAE04EC0-301F-11D3-BF4B-00C04F79EFBC}") = "HeadStartDevelopment.iOS", "HeadStartDevelopment\HeadStartDevelopment.iOS\HeadStartDevelopment.iOS.csproj", "{222A1EA9-4D6F-4C45-AC6D-53CA3BB2DDFA}"
EndProject
Project("{FAE04EC0-301F-11D3-BF4B-00C04F79EFBC}") = "HeadStartDevelopment.UWP", "HeadStartDevelopment\HeadStartDevelopment.UWP\HeadStartDevelopment.UWP.csproj", "{B0476928-B187-4F97-BDCF-C1C90A9D7E0B}"
EndProject
Project("{FAE04EC0-301F-11D3-BF4B-00C04F79EFBC}") = "HeadStartDevelopment", "HeadStartDevelopment\HeadStartDevelopment\HeadStartDevelopment.csproj", "{09BA31D3-7BE0-4F32-916B-D3D243A3B071}"
EndProject
Global
	GlobalSection(SolutionConfigurationPlatforms) = preSolution
		Ad-Hoc|Any CPU = Ad-Hoc|Any CPU
		Ad-Hoc|ARM = Ad-Hoc|ARM
		Ad-Hoc|iPhone = Ad-Hoc|iPhone
		Ad-Hoc|iPhoneSimulator = Ad-Hoc|iPhoneSimulator
		Ad-Hoc|x64 = Ad-Hoc|x64
		Ad-Hoc|x86 = Ad-Hoc|x86
		AppStore|Any CPU = AppStore|Any CPU
		AppStore|ARM = AppStore|ARM
		AppStore|iPhone = AppStore|iPhone
		AppStore|iPhoneSimulator = AppStore|iPhoneSimulator
		AppStore|x64 = AppStore|x64
		AppStore|x86 = AppStore|x86
		Debug|Any CPU = Debug|Any CPU
		Debug|ARM = Debug|ARM
		Debug|iPhone = Debug|iPhone
		Debug|iPhoneSimulator = Debug|iPhoneSimulator
		Debug|x64 = Debug|x64
		Debug|x86 = Debug|x86
		Release|Any CPU = Release|Any CPU
		Release|ARM = Release|ARM
		Release|iPhone = Release|iPhone
		Release|iPhoneSimulator = Release|iPhoneSimulator
		Release|x64 = Release|x64
		Release|x86 = Release|x86
	EndGlobalSection
	GlobalSection(ProjectConfigurationPlatforms) = postSolution
		{43E73F02-D624-477B-A99D-65B39EB0E775}.Ad-Hoc|Any CPU.ActiveCfg = Release|Any CPU
		{43E73F02-D624-477B-A99D-65B39EB0E775}.Ad-Hoc|Any CPU.Build.0 = Release|Any CPU
		{43E73F02-D624-477B-A99D-65B39EB0E775}.Ad-Hoc|Any CPU.Deploy.0 = Release|Any CPU
		{43E73F02-D624-477B-A99D-65B39EB0E775}.Ad-Hoc|ARM.ActiveCfg = Release|Any CPU
		{43E73F02-D624-477B-A99D-65B39EB0E775}.Ad-Hoc|ARM.Build.0 = Release|Any CPU
		{43E73F02-D624-477B-A99D-65B39EB0E775}.Ad-Hoc|ARM.Deploy.0 = Release|Any CPU
		{43E73F02-D624-477B-A99D-65B39EB0E775}.Ad-Hoc|iPhone.ActiveCfg = Release|Any CPU
		{43E73F02-D624-477B-A99D-65B39EB0E775}.Ad-Hoc|iPhone.Build.0 = Release|Any CPU
		{43E73F02-D624-477B-A99D-65B39EB0E775}.Ad-Hoc|iPhone.Deploy.0 = Release|Any CPU
		{43E73F02-D624-477B-A99D-65B39EB0E775}.Ad-Hoc|iPhoneSimulator.ActiveCfg = Release|Any CPU
		{43E73F02-D624-477B-A99D-65B39EB0E775}.Ad-Hoc|iPhoneSimulator.Build.0 = Release|Any CPU
		{43E73F02-D624-477B-A99D-65B39EB0E775}.Ad-Hoc|iPhoneSimulator.Deploy.0 = Release|Any CPU
		{43E73F02-D624-477B-A99D-65B39EB0E775}.Ad-Hoc|x64.ActiveCfg = Release|Any CPU
		{43E73F02-D624-477B-A99D-65B39EB0E775}.Ad-Hoc|x64.Build.0 = Release|Any CPU
		{43E73F02-D624-477B-A99D-65B39EB0E775}.Ad-Hoc|x64.Deploy.0 = Release|Any CPU
		{43E73F02-D624-477B-A99D-65B39EB0E775}.Ad-Hoc|x86.ActiveCfg = Release|Any CPU
		{43E73F02-D624-477B-A99D-65B39EB0E775}.Ad-Hoc|x86.Build.0 = Release|Any CPU
		{43E73F02-D624-477B-A99D-65B39EB0E775}.Ad-Hoc|x86.Deploy.0 = Release|Any CPU
		{43E73F02-D624-477B-A99D-65B39EB0E775}.AppStore|Any CPU.ActiveCfg = Release|Any CPU
		{43E73F02-D624-477B-A99D-65B39EB0E775}.AppStore|Any CPU.Build.0 = Release|Any CPU
		{43E73F02-D624-477B-A99D-65B39EB0E775}.AppStore|Any CPU.Deploy.0 = Release|Any CPU
		{43E73F02-D624-477B-A99D-65B39EB0E775}.AppStore|ARM.ActiveCfg = Release|Any CPU
		{43E73F02-D624-477B-A99D-65B39EB0E775}.AppStore|ARM.Build.0 = Release|Any CPU
		{43E73F02-D624-477B-A99D-65B39EB0E775}.AppStore|ARM.Deploy.0 = Release|Any CPU
		{43E73F02-D624-477B-A99D-65B39EB0E775}.AppStore|iPhone.ActiveCfg = Release|Any CPU
		{43E73F02-D624-477B-A99D-65B39EB0E775}.AppStore|iPhone.Build.0 = Release|Any CPU
		{43E73F02-D624-477B-A99D-65B39EB0E775}.AppStore|iPhone.Deploy.0 = Release|Any CPU
		{43E73F02-D624-477B-A99D-65B39EB0E775}.AppStore|iPhoneSimulator.ActiveCfg = Release|Any CPU
		{43E73F02-D624-477B-A99D-65B39EB0E775}.AppStore|iPhoneSimulator.Build.0 = Release|Any CPU
		{43E73F02-D624-477B-A99D-65B39EB0E775}.AppStore|iPhoneSimulator.Deploy.0 = Release|Any CPU
		{43E73F02-D624-477B-A99D-65B39EB0E775}.AppStore|x64.ActiveCfg = Release|Any CPU
		{43E73F02-D624-477B-A99D-65B39EB0E775}.AppStore|x64.Build.0 = Release|Any CPU
		{43E73F02-D624-477B-A99D-65B39EB0E775}.AppStore|x64.Deploy.0 = Release|Any CPU
		{43E73F02-D624-477B-A99D-65B39EB0E775}.AppStore|x86.ActiveCfg = Release|Any CPU
		{43E73F02-D624-477B-A99D-65B39EB0E775}.AppStore|x86.Build.0 = Release|Any CPU
		{43E73F02-D624-477B-A99D-65B39EB0E775}.AppStore|x86.Deploy.0 = Release|Any CPU
		{43E73F02-D624-477B-A99D-65B39EB0E775}.Debug|Any CPU.ActiveCfg = Debug|Any CPU
		{43E73F02-D624-477B-A99D-65B39EB0E775}.Debug|Any CPU.Build.0 = Debug|Any CPU
		{43E73F02-D624-477B-A99D-65B39EB0E775}.Debug|Any CPU.Deploy.0 = Debug|Any CPU
		{43E73F02-D624-477B-A99D-65B39EB0E775}.Debug|ARM.ActiveCfg = Debug|Any CPU
		{43E73F02-D624-477B-A99D-65B39EB0E775}.Debug|ARM.Build.0 = Debug|Any CPU
		{43E73F02-D624-477B-A99D-65B39EB0E775}.Debug|ARM.Deploy.0 = Debug|Any CPU
		{43E73F02-D624-477B-A99D-65B39EB0E775}.Debug|iPhone.ActiveCfg = Debug|Any CPU
		{43E73F02-D624-477B-A99D-65B39EB0E775}.Debug|iPhone.Build.0 = Debug|Any CPU
		{43E73F02-D624-477B-A99D-65B39EB0E775}.Debug|iPhone.Deploy.0 = Debug|Any CPU
		{43E73F02-D624-477B-A99D-65B39EB0E775}.Debug|iPhoneSimulator.ActiveCfg = Debug|Any CPU
		{43E73F02-D624-477B-A99D-65B39EB0E775}.Debug|iPhoneSimulator.Build.0 = Debug|Any CPU
		{43E73F02-D624-477B-A99D-65B39EB0E775}.Debug|iPhoneSimulator.Deploy.0 = Debug|Any CPU
		{43E73F02-D624-477B-A99D-65B39EB0E775}.Debug|x64.ActiveCfg = Debug|Any CPU
		{43E73F02-D624-477B-A99D-65B39EB0E775}.Debug|x64.Build.0 = Debug|Any CPU
		{43E73F02-D624-477B-A99D-65B39EB0E775}.Debug|x64.Deploy.0 = Debug|Any CPU
		{43E73F02-D624-477B-A99D-65B39EB0E775}.Debug|x86.ActiveCfg = Debug|Any CPU
		{43E73F02-D624-477B-A99D-65B39EB0E775}.Debug|x86.Build.0 = Debug|Any CPU
		{43E73F02-D624-477B-A99D-65B39EB0E775}.Debug|x86.Deploy.0 = Debug|Any CPU
		{43E73F02-D624-477B-A99D-65B39EB0E775}.Release|Any CPU.ActiveCfg = Release|Any CPU
		{43E73F02-D624-477B-A99D-65B39EB0E775}.Release|Any CPU.Build.0 = Release|Any CPU
		{43E73F02-D624-477B-A99D-65B39EB0E775}.Release|Any CPU.Deploy.0 = Release|Any CPU
		{43E73F02-D624-477B-A99D-65B39EB0E775}.Release|ARM.ActiveCfg = Release|Any CPU
		{43E73F02-D624-477B-A99D-65B39EB0E775}.Release|ARM.Build.0 = Release|Any CPU
		{43E73F02-D624-477B-A99D-65B39EB0E775}.Release|ARM.Deploy.0 = Release|Any CPU
		{43E73F02-D624-477B-A99D-65B39EB0E775}.Release|iPhone.ActiveCfg = Release|Any CPU
		{43E73F02-D624-477B-A99D-65B39EB0E775}.Release|iPhone.Build.0 = Release|Any CPU
		{43E73F02-D624-477B-A99D-65B39EB0E775}.Release|iPhone.Deploy.0 = Release|Any CPU
		{43E73F02-D624-477B-A99D-65B39EB0E775}.Release|iPhoneSimulator.ActiveCfg = Release|Any CPU
		{43E73F02-D624-477B-A99D-65B39EB0E775}.Release|iPhoneSimulator.Build.0 = Release|Any CPU
		{43E73F02-D624-477B-A99D-65B39EB0E775}.Release|iPhoneSimulator.Deploy.0 = Release|Any CPU
		{43E73F02-D624-477B-A99D-65B39EB0E775}.Release|x64.ActiveCfg = Release|Any CPU
		{43E73F02-D624-477B-A99D-65B39EB0E775}.Release|x64.Build.0 = Release|Any CPU
		{43E73F02-D624-477B-A99D-65B39EB0E775}.Release|x64.Deploy.0 = Release|Any CPU
		{43E73F02-D624-477B-A99D-65B39EB0E775}.Release|x86.ActiveCfg = Release|Any CPU
		{43E73F02-D624-477B-A99D-65B39EB0E775}.Release|x86.Build.0 = Release|Any CPU
		{43E73F02-D624-477B-A99D-65B39EB0E775}.Release|x86.Deploy.0 = Release|Any CPU
		{222A1EA9-4D6F-4C45-AC6D-53CA3BB2DDFA}.Ad-Hoc|Any CPU.ActiveCfg = Ad-Hoc|iPhone
		{222A1EA9-4D6F-4C45-AC6D-53CA3BB2DDFA}.Ad-Hoc|ARM.ActiveCfg = Ad-Hoc|iPhone
		{222A1EA9-4D6F-4C45-AC6D-53CA3BB2DDFA}.Ad-Hoc|iPhone.ActiveCfg = Ad-Hoc|iPhone
		{222A1EA9-4D6F-4C45-AC6D-53CA3BB2DDFA}.Ad-Hoc|iPhone.Build.0 = Ad-Hoc|iPhone
		{222A1EA9-4D6F-4C45-AC6D-53CA3BB2DDFA}.Ad-Hoc|iPhoneSimulator.ActiveCfg = Ad-Hoc|iPhoneSimulator
		{222A1EA9-4D6F-4C45-AC6D-53CA3BB2DDFA}.Ad-Hoc|iPhoneSimulator.Build.0 = Ad-Hoc|iPhoneSimulator
		{222A1EA9-4D6F-4C45-AC6D-53CA3BB2DDFA}.Ad-Hoc|x64.ActiveCfg = Ad-Hoc|iPhone
		{222A1EA9-4D6F-4C45-AC6D-53CA3BB2DDFA}.Ad-Hoc|x86.ActiveCfg = Ad-Hoc|iPhone
		{222A1EA9-4D6F-4C45-AC6D-53CA3BB2DDFA}.AppStore|Any CPU.ActiveCfg = AppStore|iPhone
		{222A1EA9-4D6F-4C45-AC6D-53CA3BB2DDFA}.AppStore|ARM.ActiveCfg = AppStore|iPhone
		{222A1EA9-4D6F-4C45-AC6D-53CA3BB2DDFA}.AppStore|iPhone.ActiveCfg = AppStore|iPhone
		{222A1EA9-4D6F-4C45-AC6D-53CA3BB2DDFA}.AppStore|iPhone.Build.0 = AppStore|iPhone
		{222A1EA9-4D6F-4C45-AC6D-53CA3BB2DDFA}.AppStore|iPhoneSimulator.ActiveCfg = AppStore|iPhoneSimulator
		{222A1EA9-4D6F-4C45-AC6D-53CA3BB2DDFA}.AppStore|iPhoneSimulator.Build.0 = AppStore|iPhoneSimulator
		{222A1EA9-4D6F-4C45-AC6D-53CA3BB2DDFA}.AppStore|x64.ActiveCfg = AppStore|iPhone
		{222A1EA9-4D6F-4C45-AC6D-53CA3BB2DDFA}.AppStore|x86.ActiveCfg = AppStore|iPhone
		{222A1EA9-4D6F-4C45-AC6D-53CA3BB2DDFA}.Debug|Any CPU.ActiveCfg = Debug|iPhone
		{222A1EA9-4D6F-4C45-AC6D-53CA3BB2DDFA}.Debug|ARM.ActiveCfg = Debug|iPhone
		{222A1EA9-4D6F-4C45-AC6D-53CA3BB2DDFA}.Debug|iPhone.ActiveCfg = Debug|iPhone
		{222A1EA9-4D6F-4C45-AC6D-53CA3BB2DDFA}.Debug|iPhone.Build.0 = Debug|iPhone
		{222A1EA9-4D6F-4C45-AC6D-53CA3BB2DDFA}.Debug|iPhoneSimulator.ActiveCfg = Debug|iPhoneSimulator
		{222A1EA9-4D6F-4C45-AC6D-53CA3BB2DDFA}.Debug|iPhoneSimulator.Build.0 = Debug|iPhoneSimulator
		{222A1EA9-4D6F-4C45-AC6D-53CA3BB2DDFA}.Debug|x64.ActiveCfg = Debug|iPhone
		{222A1EA9-4D6F-4C45-AC6D-53CA3BB2DDFA}.Debug|x86.ActiveCfg = Debug|iPhone
		{222A1EA9-4D6F-4C45-AC6D-53CA3BB2DDFA}.Release|Any CPU.ActiveCfg = Release|iPhone
		{222A1EA9-4D6F-4C45-AC6D-53CA3BB2DDFA}.Release|ARM.ActiveCfg = Release|iPhone
		{222A1EA9-4D6F-4C45-AC6D-53CA3BB2DDFA}.Release|iPhone.ActiveCfg = Release|iPhone
		{222A1EA9-4D6F-4C45-AC6D-53CA3BB2DDFA}.Release|iPhone.Build.0 = Release|iPhone
		{222A1EA9-4D6F-4C45-AC6D-53CA3BB2DDFA}.Release|iPhoneSimulator.ActiveCfg = Release|iPhoneSimulator
		{222A1EA9-4D6F-4C45-AC6D-53CA3BB2DDFA}.Release|iPhoneSimulator.Build.0 = Release|iPhoneSimulator
		{222A1EA9-4D6F-4C45-AC6D-53CA3BB2DDFA}.Release|x64.ActiveCfg = Release|iPhone
		{222A1EA9-4D6F-4C45-AC6D-53CA3BB2DDFA}.Release|x86.ActiveCfg = Release|iPhone
		{B0476928-B187-4F97-BDCF-C1C90A9D7E0B}.Ad-Hoc|Any CPU.ActiveCfg = Release|x86
		{B0476928-B187-4F97-BDCF-C1C90A9D7E0B}.Ad-Hoc|Any CPU.Build.0 = Release|x86
		{B0476928-B187-4F97-BDCF-C1C90A9D7E0B}.Ad-Hoc|Any CPU.Deploy.0 = Release|x86
		{B0476928-B187-4F97-BDCF-C1C90A9D7E0B}.Ad-Hoc|ARM.ActiveCfg = Release|ARM
		{B0476928-B187-4F97-BDCF-C1C90A9D7E0B}.Ad-Hoc|ARM.Build.0 = Release|ARM
		{B0476928-B187-4F97-BDCF-C1C90A9D7E0B}.Ad-Hoc|ARM.Deploy.0 = Release|ARM
		{B0476928-B187-4F97-BDCF-C1C90A9D7E0B}.Ad-Hoc|iPhone.ActiveCfg = Release|x86
		{B0476928-B187-4F97-BDCF-C1C90A9D7E0B}.Ad-Hoc|iPhone.Build.0 = Release|x86
		{B0476928-B187-4F97-BDCF-C1C90A9D7E0B}.Ad-Hoc|iPhone.Deploy.0 = Release|x86
		{B0476928-B187-4F97-BDCF-C1C90A9D7E0B}.Ad-Hoc|iPhoneSimulator.ActiveCfg = Release|x86
		{B0476928-B187-4F97-BDCF-C1C90A9D7E0B}.Ad-Hoc|iPhoneSimulator.Build.0 = Release|x86
		{B0476928-B187-4F97-BDCF-C1C90A9D7E0B}.Ad-Hoc|iPhoneSimulator.Deploy.0 = Release|x86
		{B0476928-B187-4F97-BDCF-C1C90A9D7E0B}.Ad-Hoc|x64.ActiveCfg = Release|x64
		{B0476928-B187-4F97-BDCF-C1C90A9D7E0B}.Ad-Hoc|x64.Build.0 = Release|x64
		{B0476928-B187-4F97-BDCF-C1C90A9D7E0B}.Ad-Hoc|x64.Deploy.0 = Release|x64
		{B0476928-B187-4F97-BDCF-C1C90A9D7E0B}.Ad-Hoc|x86.ActiveCfg = Release|x86
		{B0476928-B187-4F97-BDCF-C1C90A9D7E0B}.Ad-Hoc|x86.Build.0 = Release|x86
		{B0476928-B187-4F97-BDCF-C1C90A9D7E0B}.Ad-Hoc|x86.Deploy.0 = Release|x86
		{B0476928-B187-4F97-BDCF-C1C90A9D7E0B}.AppStore|Any CPU.ActiveCfg = Release|x86
		{B0476928-B187-4F97-BDCF-C1C90A9D7E0B}.AppStore|Any CPU.Build.0 = Release|x86
		{B0476928-B187-4F97-BDCF-C1C90A9D7E0B}.AppStore|Any CPU.Deploy.0 = Release|x86
		{B0476928-B187-4F97-BDCF-C1C90A9D7E0B}.AppStore|ARM.ActiveCfg = Release|ARM
		{B0476928-B187-4F97-BDCF-C1C90A9D7E0B}.AppStore|ARM.Build.0 = Release|ARM
		{B0476928-B187-4F97-BDCF-C1C90A9D7E0B}.AppStore|ARM.Deploy.0 = Release|ARM
		{B0476928-B187-4F97-BDCF-C1C90A9D7E0B}.AppStore|iPhone.ActiveCfg = Release|x86
		{B0476928-B187-4F97-BDCF-C1C90A9D7E0B}.AppStore|iPhone.Build.0 = Release|x86
		{B0476928-B187-4F97-BDCF-C1C90A9D7E0B}.AppStore|iPhone.Deploy.0 = Release|x86
		{B0476928-B187-4F97-BDCF-C1C90A9D7E0B}.AppStore|iPhoneSimulator.ActiveCfg = Release|x86
		{B0476928-B187-4F97-BDCF-C1C90A9D7E0B}.AppStore|iPhoneSimulator.Build.0 = Release|x86
		{B0476928-B187-4F97-BDCF-C1C90A9D7E0B}.AppStore|iPhoneSimulator.Deploy.0 = Release|x86
		{B0476928-B187-4F97-BDCF-C1C90A9D7E0B}.AppStore|x64.ActiveCfg = Release|x64
		{B0476928-B187-4F97-BDCF-C1C90A9D7E0B}.AppStore|x64.Build.0 = Release|x64
		{B0476928-B187-4F97-BDCF-C1C90A9D7E0B}.AppStore|x64.Deploy.0 = Release|x64
		{B0476928-B187-4F97-BDCF-C1C90A9D7E0B}.AppStore|x86.ActiveCfg = Release|x86
		{B0476928-B187-4F97-BDCF-C1C90A9D7E0B}.AppStore|x86.Build.0 = Release|x86
		{B0476928-B187-4F97-BDCF-C1C90A9D7E0B}.AppStore|x86.Deploy.0 = Release|x86
		{B0476928-B187-4F97-BDCF-C1C90A9D7E0B}.Debug|Any CPU.ActiveCfg = Debug|x86
		{B0476928-B187-4F97-BDCF-C1C90A9D7E0B}.Debug|ARM.ActiveCfg = Debug|ARM
		{B0476928-B187-4F97-BDCF-C1C90A9D7E0B}.Debug|ARM.Build.0 = Debug|ARM
		{B0476928-B187-4F97-BDCF-C1C90A9D7E0B}.Debug|ARM.Deploy.0 = Debug|ARM
		{B0476928-B187-4F97-BDCF-C1C90A9D7E0B}.Debug|iPhone.ActiveCfg = Debug|x86
		{B0476928-B187-4F97-BDCF-C1C90A9D7E0B}.Debug|iPhoneSimulator.ActiveCfg = Debug|x86
		{B0476928-B187-4F97-BDCF-C1C90A9D7E0B}.Debug|x64.ActiveCfg = Debug|x64
		{B0476928-B187-4F97-BDCF-C1C90A9D7E0B}.Debug|x64.Build.0 = Debug|x64
		{B0476928-B187-4F97-BDCF-C1C90A9D7E0B}.Debug|x64.Deploy.0 = Debug|x64
		{B0476928-B187-4F97-BDCF-C1C90A9D7E0B}.Debug|x86.ActiveCfg = Debug|x86
		{B0476928-B187-4F97-BDCF-C1C90A9D7E0B}.Debug|x86.Build.0 = Debug|x86
		{B0476928-B187-4F97-BDCF-C1C90A9D7E0B}.Debug|x86.Deploy.0 = Debug|x86
		{B0476928-B187-4F97-BDCF-C1C90A9D7E0B}.Release|Any CPU.ActiveCfg = Release|x86
		{B0476928-B187-4F97-BDCF-C1C90A9D7E0B}.Release|ARM.ActiveCfg = Release|ARM
		{B0476928-B187-4F97-BDCF-C1C90A9D7E0B}.Release|ARM.Build.0 = Release|ARM
		{B0476928-B187-4F97-BDCF-C1C90A9D7E0B}.Release|ARM.Deploy.0 = Release|ARM
		{B0476928-B187-4F97-BDCF-C1C90A9D7E0B}.Release|iPhone.ActiveCfg = Release|x86
		{B0476928-B187-4F97-BDCF-C1C90A9D7E0B}.Release|iPhoneSimulator.ActiveCfg = Release|x86
		{B0476928-B187-4F97-BDCF-C1C90A9D7E0B}.Release|x64.ActiveCfg = Release|x64
		{B0476928-B187-4F97-BDCF-C1C90A9D7E0B}.Release|x64.Build.0 = Release|x64
		{B0476928-B187-4F97-BDCF-C1C90A9D7E0B}.Release|x64.Deploy.0 = Release|x64
		{B0476928-B187-4F97-BDCF-C1C90A9D7E0B}.Release|x86.ActiveCfg = Release|x86
		{B0476928-B187-4F97-BDCF-C1C90A9D7E0B}.Release|x86.Build.0 = Release|x86
		{B0476928-B187-4F97-BDCF-C1C90A9D7E0B}.Release|x86.Deploy.0 = Release|x86
		{09BA31D3-7BE0-4F32-916B-D3D243A3B071}.Ad-Hoc|Any CPU.ActiveCfg = Debug|Any CPU
		{09BA31D3-7BE0-4F32-916B-D3D243A3B071}.Ad-Hoc|Any CPU.Build.0 = Debug|Any CPU
		{09BA31D3-7BE0-4F32-916B-D3D243A3B071}.Ad-Hoc|ARM.ActiveCfg = Debug|Any CPU
		{09BA31D3-7BE0-4F32-916B-D3D243A3B071}.Ad-Hoc|ARM.Build.0 = Debug|Any CPU
		{09BA31D3-7BE0-4F32-916B-D3D243A3B071}.Ad-Hoc|iPhone.ActiveCfg = Debug|Any CPU
		{09BA31D3-7BE0-4F32-916B-D3D243A3B071}.Ad-Hoc|iPhone.Build.0 = Debug|Any CPU
		{09BA31D3-7BE0-4F32-916B-D3D243A3B071}.Ad-Hoc|iPhoneSimulator.ActiveCfg = Debug|Any CPU
		{09BA31D3-7BE0-4F32-916B-D3D243A3B071}.Ad-Hoc|iPhoneSimulator.Build.0 = Debug|Any CPU
		{09BA31D3-7BE0-4F32-916B-D3D243A3B071}.Ad-Hoc|x64.ActiveCfg = Debug|Any CPU
		{09BA31D3-7BE0-4F32-916B-D3D243A3B071}.Ad-Hoc|x64.Build.0 = Debug|Any CPU
		{09BA31D3-7BE0-4F32-916B-D3D243A3B071}.Ad-Hoc|x86.ActiveCfg = Debug|Any CPU
		{09BA31D3-7BE0-4F32-916B-D3D243A3B071}.Ad-Hoc|x86.Build.0 = Debug|Any CPU
		{09BA31D3-7BE0-4F32-916B-D3D243A3B071}.AppStore|Any CPU.ActiveCfg = Debug|Any CPU
		{09BA31D3-7BE0-4F32-916B-D3D243A3B071}.AppStore|Any CPU.Build.0 = Debug|Any CPU
		{09BA31D3-7BE0-4F32-916B-D3D243A3B071}.AppStore|ARM.ActiveCfg = Debug|Any CPU
		{09BA31D3-7BE0-4F32-916B-D3D243A3B071}.AppStore|ARM.Build.0 = Debug|Any CPU
		{09BA31D3-7BE0-4F32-916B-D3D243A3B071}.AppStore|iPhone.ActiveCfg = Debug|Any CPU
		{09BA31D3-7BE0-4F32-916B-D3D243A3B071}.AppStore|iPhone.Build.0 = Debug|Any CPU
		{09BA31D3-7BE0-4F32-916B-D3D243A3B071}.AppStore|iPhoneSimulator.ActiveCfg = Debug|Any CPU
		{09BA31D3-7BE0-4F32-916B-D3D243A3B071}.AppStore|iPhoneSimulator.Build.0 = Debug|Any CPU
		{09BA31D3-7BE0-4F32-916B-D3D243A3B071}.AppStore|x64.ActiveCfg = Debug|Any CPU
		{09BA31D3-7BE0-4F32-916B-D3D243A3B071}.AppStore|x64.Build.0 = Debug|Any CPU
		{09BA31D3-7BE0-4F32-916B-D3D243A3B071}.AppStore|x86.ActiveCfg = Debug|Any CPU
		{09BA31D3-7BE0-4F32-916B-D3D243A3B071}.AppStore|x86.Build.0 = Debug|Any CPU
		{09BA31D3-7BE0-4F32-916B-D3D243A3B071}.Debug|Any CPU.ActiveCfg = Debug|Any CPU
		{09BA31D3-7BE0-4F32-916B-D3D243A3B071}.Debug|Any CPU.Build.0 = Debug|Any CPU
		{09BA31D3-7BE0-4F32-916B-D3D243A3B071}.Debug|ARM.ActiveCfg = Debug|Any CPU
		{09BA31D3-7BE0-4F32-916B-D3D243A3B071}.Debug|ARM.Build.0 = Debug|Any CPU
		{09BA31D3-7BE0-4F32-916B-D3D243A3B071}.Debug|iPhone.ActiveCfg = Debug|Any CPU
		{09BA31D3-7BE0-4F32-916B-D3D243A3B071}.Debug|iPhone.Build.0 = Debug|Any CPU
		{09BA31D3-7BE0-4F32-916B-D3D243A3B071}.Debug|iPhoneSimulator.ActiveCfg = Debug|Any CPU
		{09BA31D3-7BE0-4F32-916B-D3D243A3B071}.Debug|iPhoneSimulator.Build.0 = Debug|Any CPU
		{09BA31D3-7BE0-4F32-916B-D3D243A3B071}.Debug|x64.ActiveCfg = Debug|Any CPU
		{09BA31D3-7BE0-4F32-916B-D3D243A3B071}.Debug|x64.Build.0 = Debug|Any CPU
		{09BA31D3-7BE0-4F32-916B-D3D243A3B071}.Debug|x86.ActiveCfg = Debug|Any CPU
		{09BA31D3-7BE0-4F32-916B-D3D243A3B071}.Debug|x86.Build.0 = Debug|Any CPU
		{09BA31D3-7BE0-4F32-916B-D3D243A3B071}.Release|Any CPU.ActiveCfg = Release|Any CPU
		{09BA31D3-7BE0-4F32-916B-D3D243A3B071}.Release|Any CPU.Build.0 = Release|Any CPU
		{09BA31D3-7BE0-4F32-916B-D3D243A3B071}.Release|ARM.ActiveCfg = Release|Any CPU
		{09BA31D3-7BE0-4F32-916B-D3D243A3B071}.Release|ARM.Build.0 = Release|Any CPU
		{09BA31D3-7BE0-4F32-916B-D3D243A3B071}.Release|iPhone.ActiveCfg = Release|Any CPU
		{09BA31D3-7BE0-4F32-916B-D3D243A3B071}.Release|iPhone.Build.0 = Release|Any CPU
		{09BA31D3-7BE0-4F32-916B-D3D243A3B071}.Release|iPhoneSimulator.ActiveCfg = Release|Any CPU
		{09BA31D3-7BE0-4F32-916B-D3D243A3B071}.Release|iPhoneSimulator.Build.0 = Release|Any CPU
		{09BA31D3-7BE0-4F32-916B-D3D243A3B071}.Release|x64.ActiveCfg = Release|Any CPU
		{09BA31D3-7BE0-4F32-916B-D3D243A3B071}.Release|x64.Build.0 = Release|Any CPU
		{09BA31D3-7BE0-4F32-916B-D3D243A3B071}.Release|x86.ActiveCfg = Release|Any CPU
		{09BA31D3-7BE0-4F32-916B-D3D243A3B071}.Release|x86.Build.0 = Release|Any CPU
	EndGlobalSection
	GlobalSection(SolutionProperties) = preSolution
		HideSolutionNode = FALSE
	EndGlobalSection
	GlobalSection(ExtensibilityGlobals) = postSolution
		SolutionGuid = {03B97438-34B7-410B-8D39-650FFA13338B}
	EndGlobalSection
EndGlobal
